
Microsoft Visual Studio Solution File, Format Version 12.00
# Visual Studio Version 16
VisualStudioVersion = 16.0.30114.105
MinimumVisualStudioVersion = 10.0.40219.1
Project("{2150E333-8FDC-42A3-9474-1A3956D46DE8}") = "src", "src", "{83B69751-D510-48E0-8F94-3A29DD04990E}"
EndProject
Project("{FAE04EC0-301F-11D3-BF4B-00C04F79EFBC}") = "Application", "src\Application\Application.csproj", "{D738BA9C-FA53-4B2F-AA16-4CF2F20380E6}"
EndProject
Project("{FAE04EC0-301F-11D3-BF4B-00C04F79EFBC}") = "Domain", "src\Domain\Domain.csproj", "{601942A4-5FBF-40A5-A1E8-E2593654A512}"
EndProject
Project("{FAE04EC0-301F-11D3-BF4B-00C04F79EFBC}") = "Infrastructure", "src\Infrastructure\Infrastructure.csproj", "{F851B002-2858-4238-AC89-0670FB262529}"
EndProject
Project("{FAE04EC0-301F-11D3-BF4B-00C04F79EFBC}") = "Presentation.WebApp", "src\Presentation.WebApp\Presentation.WebApp.csproj", "{975ED82E-BAAD-4A3E-B310-B6C9FF76F1C2}"
EndProject
Project("{2150E333-8FDC-42A3-9474-1A3956D46DE8}") = "test", "test", "{5A8D6303-FB38-4E25-A0F8-02306F30E967}"
EndProject
Project("{FAE04EC0-301F-11D3-BF4B-00C04F79EFBC}") = "Application.Test", "test\Application.Test\Application.Test.csproj", "{E927DA92-1D06-46E4-8783-E689A9319E39}"
EndProject
Project("{FAE04EC0-301F-11D3-BF4B-00C04F79EFBC}") = "Domain.Test", "test\Domain.Test\Domain.Test.csproj", "{BEDD6C25-9A8C-4395-B192-5069A6BC83C7}"
EndProject
Project("{FAE04EC0-301F-11D3-BF4B-00C04F79EFBC}") = "Infrastructure.Test", "test\Infrastructure.Test\Infrastructure.Test.csproj", "{72A443E5-F1D3-45D7-AE89-3F65692AE8AE}"
EndProject
Project("{FAE04EC0-301F-11D3-BF4B-00C04F79EFBC}") = "Presentation.WebApp.Test", "test\Presentation.WebApp.Test\Presentation.WebApp.Test.csproj", "{1659A85A-1306-419E-94D1-0000BD526177}"
EndProject
Global
	GlobalSection(SolutionConfigurationPlatforms) = preSolution
		Debug|Any CPU = Debug|Any CPU
		Debug|x64 = Debug|x64
		Debug|x86 = Debug|x86
		Release|Any CPU = Release|Any CPU
		Release|x64 = Release|x64
		Release|x86 = Release|x86
	EndGlobalSection
	GlobalSection(SolutionProperties) = preSolution
		HideSolutionNode = FALSE
	EndGlobalSection
	GlobalSection(ProjectConfigurationPlatforms) = postSolution
		{D738BA9C-FA53-4B2F-AA16-4CF2F20380E6}.Debug|Any CPU.ActiveCfg = Debug|Any CPU
		{D738BA9C-FA53-4B2F-AA16-4CF2F20380E6}.Debug|Any CPU.Build.0 = Debug|Any CPU
		{D738BA9C-FA53-4B2F-AA16-4CF2F20380E6}.Debug|x64.ActiveCfg = Debug|Any CPU
		{D738BA9C-FA53-4B2F-AA16-4CF2F20380E6}.Debug|x64.Build.0 = Debug|Any CPU
		{D738BA9C-FA53-4B2F-AA16-4CF2F20380E6}.Debug|x86.ActiveCfg = Debug|Any CPU
		{D738BA9C-FA53-4B2F-AA16-4CF2F20380E6}.Debug|x86.Build.0 = Debug|Any CPU
		{D738BA9C-FA53-4B2F-AA16-4CF2F20380E6}.Release|Any CPU.ActiveCfg = Release|Any CPU
		{D738BA9C-FA53-4B2F-AA16-4CF2F20380E6}.Release|Any CPU.Build.0 = Release|Any CPU
		{D738BA9C-FA53-4B2F-AA16-4CF2F20380E6}.Release|x64.ActiveCfg = Release|Any CPU
		{D738BA9C-FA53-4B2F-AA16-4CF2F20380E6}.Release|x64.Build.0 = Release|Any CPU
		{D738BA9C-FA53-4B2F-AA16-4CF2F20380E6}.Release|x86.ActiveCfg = Release|Any CPU
		{D738BA9C-FA53-4B2F-AA16-4CF2F20380E6}.Release|x86.Build.0 = Release|Any CPU
		{601942A4-5FBF-40A5-A1E8-E2593654A512}.Debug|Any CPU.ActiveCfg = Debug|Any CPU
		{601942A4-5FBF-40A5-A1E8-E2593654A512}.Debug|Any CPU.Build.0 = Debug|Any CPU
		{601942A4-5FBF-40A5-A1E8-E2593654A512}.Debug|x64.ActiveCfg = Debug|Any CPU
		{601942A4-5FBF-40A5-A1E8-E2593654A512}.Debug|x64.Build.0 = Debug|Any CPU
		{601942A4-5FBF-40A5-A1E8-E2593654A512}.Debug|x86.ActiveCfg = Debug|Any CPU
		{601942A4-5FBF-40A5-A1E8-E2593654A512}.Debug|x86.Build.0 = Debug|Any CPU
		{601942A4-5FBF-40A5-A1E8-E2593654A512}.Release|Any CPU.ActiveCfg = Release|Any CPU
		{601942A4-5FBF-40A5-A1E8-E2593654A512}.Release|Any CPU.Build.0 = Release|Any CPU
		{601942A4-5FBF-40A5-A1E8-E2593654A512}.Release|x64.ActiveCfg = Release|Any CPU
		{601942A4-5FBF-40A5-A1E8-E2593654A512}.Release|x64.Build.0 = Release|Any CPU
		{601942A4-5FBF-40A5-A1E8-E2593654A512}.Release|x86.ActiveCfg = Release|Any CPU
		{601942A4-5FBF-40A5-A1E8-E2593654A512}.Release|x86.Build.0 = Release|Any CPU
		{F851B002-2858-4238-AC89-0670FB262529}.Debug|Any CPU.ActiveCfg = Debug|Any CPU
		{F851B002-2858-4238-AC89-0670FB262529}.Debug|Any CPU.Build.0 = Debug|Any CPU
		{F851B002-2858-4238-AC89-0670FB262529}.Debug|x64.ActiveCfg = Debug|Any CPU
		{F851B002-2858-4238-AC89-0670FB262529}.Debug|x64.Build.0 = Debug|Any CPU
		{F851B002-2858-4238-AC89-0670FB262529}.Debug|x86.ActiveCfg = Debug|Any CPU
		{F851B002-2858-4238-AC89-0670FB262529}.Debug|x86.Build.0 = Debug|Any CPU
		{F851B002-2858-4238-AC89-0670FB262529}.Release|Any CPU.ActiveCfg = Release|Any CPU
		{F851B002-2858-4238-AC89-0670FB262529}.Release|Any CPU.Build.0 = Release|Any CPU
		{F851B002-2858-4238-AC89-0670FB262529}.Release|x64.ActiveCfg = Release|Any CPU
		{F851B002-2858-4238-AC89-0670FB262529}.Release|x64.Build.0 = Release|Any CPU
		{F851B002-2858-4238-AC89-0670FB262529}.Release|x86.ActiveCfg = Release|Any CPU
		{F851B002-2858-4238-AC89-0670FB262529}.Release|x86.Build.0 = Release|Any CPU
		{975ED82E-BAAD-4A3E-B310-B6C9FF76F1C2}.Debug|Any CPU.ActiveCfg = Debug|Any CPU
		{975ED82E-BAAD-4A3E-B310-B6C9FF76F1C2}.Debug|Any CPU.Build.0 = Debug|Any CPU
		{975ED82E-BAAD-4A3E-B310-B6C9FF76F1C2}.Debug|x64.ActiveCfg = Debug|Any CPU
		{975ED82E-BAAD-4A3E-B310-B6C9FF76F1C2}.Debug|x64.Build.0 = Debug|Any CPU
		{975ED82E-BAAD-4A3E-B310-B6C9FF76F1C2}.Debug|x86.ActiveCfg = Debug|Any CPU
		{975ED82E-BAAD-4A3E-B310-B6C9FF76F1C2}.Debug|x86.Build.0 = Debug|Any CPU
		{975ED82E-BAAD-4A3E-B310-B6C9FF76F1C2}.Release|Any CPU.ActiveCfg = Release|Any CPU
		{975ED82E-BAAD-4A3E-B310-B6C9FF76F1C2}.Release|Any CPU.Build.0 = Release|Any CPU
		{975ED82E-BAAD-4A3E-B310-B6C9FF76F1C2}.Release|x64.ActiveCfg = Release|Any CPU
		{975ED82E-BAAD-4A3E-B310-B6C9FF76F1C2}.Release|x64.Build.0 = Release|Any CPU
		{975ED82E-BAAD-4A3E-B310-B6C9FF76F1C2}.Release|x86.ActiveCfg = Release|Any CPU
		{975ED82E-BAAD-4A3E-B310-B6C9FF76F1C2}.Release|x86.Build.0 = Release|Any CPU
		{E927DA92-1D06-46E4-8783-E689A9319E39}.Debug|Any CPU.ActiveCfg = Debug|Any CPU
		{E927DA92-1D06-46E4-8783-E689A9319E39}.Debug|Any CPU.Build.0 = Debug|Any CPU
		{E927DA92-1D06-46E4-8783-E689A9319E39}.Debug|x64.ActiveCfg = Debug|Any CPU
		{E927DA92-1D06-46E4-8783-E689A9319E39}.Debug|x64.Build.0 = Debug|Any CPU
		{E927DA92-1D06-46E4-8783-E689A9319E39}.Debug|x86.ActiveCfg = Debug|Any CPU
		{E927DA92-1D06-46E4-8783-E689A9319E39}.Debug|x86.Build.0 = Debug|Any CPU
		{E927DA92-1D06-46E4-8783-E689A9319E39}.Release|Any CPU.ActiveCfg = Release|Any CPU
		{E927DA92-1D06-46E4-8783-E689A9319E39}.Release|Any CPU.Build.0 = Release|Any CPU
		{E927DA92-1D06-46E4-8783-E689A9319E39}.Release|x64.ActiveCfg = Release|Any CPU
		{E927DA92-1D06-46E4-8783-E689A9319E39}.Release|x64.Build.0 = Release|Any CPU
		{E927DA92-1D06-46E4-8783-E689A9319E39}.Release|x86.ActiveCfg = Release|Any CPU
		{E927DA92-1D06-46E4-8783-E689A9319E39}.Release|x86.Build.0 = Release|Any CPU
		{BEDD6C25-9A8C-4395-B192-5069A6BC83C7}.Debug|Any CPU.ActiveCfg = Debug|Any CPU
		{BEDD6C25-9A8C-4395-B192-5069A6BC83C7}.Debug|Any CPU.Build.0 = Debug|Any CPU
		{BEDD6C25-9A8C-4395-B192-5069A6BC83C7}.Debug|x64.ActiveCfg = Debug|Any CPU
		{BEDD6C25-9A8C-4395-B192-5069A6BC83C7}.Debug|x64.Build.0 = Debug|Any CPU
		{BEDD6C25-9A8C-4395-B192-5069A6BC83C7}.Debug|x86.ActiveCfg = Debug|Any CPU
		{BEDD6C25-9A8C-4395-B192-5069A6BC83C7}.Debug|x86.Build.0 = Debug|Any CPU
		{BEDD6C25-9A8C-4395-B192-5069A6BC83C7}.Release|Any CPU.ActiveCfg = Release|Any CPU
		{BEDD6C25-9A8C-4395-B192-5069A6BC83C7}.Release|Any CPU.Build.0 = Release|Any CPU
		{BEDD6C25-9A8C-4395-B192-5069A6BC83C7}.Release|x64.ActiveCfg = Release|Any CPU
		{BEDD6C25-9A8C-4395-B192-5069A6BC83C7}.Release|x64.Build.0 = Release|Any CPU
		{BEDD6C25-9A8C-4395-B192-5069A6BC83C7}.Release|x86.ActiveCfg = Release|Any CPU
		{BEDD6C25-9A8C-4395-B192-5069A6BC83C7}.Release|x86.Build.0 = Release|Any CPU
		{72A443E5-F1D3-45D7-AE89-3F65692AE8AE}.Debug|Any CPU.ActiveCfg = Debug|Any CPU
		{72A443E5-F1D3-45D7-AE89-3F65692AE8AE}.Debug|Any CPU.Build.0 = Debug|Any CPU
		{72A443E5-F1D3-45D7-AE89-3F65692AE8AE}.Debug|x64.ActiveCfg = Debug|Any CPU
		{72A443E5-F1D3-45D7-AE89-3F65692AE8AE}.Debug|x64.Build.0 = Debug|Any CPU
		{72A443E5-F1D3-45D7-AE89-3F65692AE8AE}.Debug|x86.ActiveCfg = Debug|Any CPU
		{72A443E5-F1D3-45D7-AE89-3F65692AE8AE}.Debug|x86.Build.0 = Debug|Any CPU
		{72A443E5-F1D3-45D7-AE89-3F65692AE8AE}.Release|Any CPU.ActiveCfg = Release|Any CPU
		{72A443E5-F1D3-45D7-AE89-3F65692AE8AE}.Release|Any CPU.Build.0 = Release|Any CPU
		{72A443E5-F1D3-45D7-AE89-3F65692AE8AE}.Release|x64.ActiveCfg = Release|Any CPU
		{72A443E5-F1D3-45D7-AE89-3F65692AE8AE}.Release|x64.Build.0 = Release|Any CPU
		{72A443E5-F1D3-45D7-AE89-3F65692AE8AE}.Release|x86.ActiveCfg = Release|Any CPU
		{72A443E5-F1D3-45D7-AE89-3F65692AE8AE}.Release|x86.Build.0 = Release|Any CPU
		{1659A85A-1306-419E-94D1-0000BD526177}.Debug|Any CPU.ActiveCfg = Debug|Any CPU
		{1659A85A-1306-419E-94D1-0000BD526177}.Debug|Any CPU.Build.0 = Debug|Any CPU
		{1659A85A-1306-419E-94D1-0000BD526177}.Debug|x64.ActiveCfg = Debug|Any CPU
		{1659A85A-1306-419E-94D1-0000BD526177}.Debug|x64.Build.0 = Debug|Any CPU
		{1659A85A-1306-419E-94D1-0000BD526177}.Debug|x86.ActiveCfg = Debug|Any CPU
		{1659A85A-1306-419E-94D1-0000BD526177}.Debug|x86.Build.0 = Debug|Any CPU
		{1659A85A-1306-419E-94D1-0000BD526177}.Release|Any CPU.ActiveCfg = Release|Any CPU
		{1659A85A-1306-419E-94D1-0000BD526177}.Release|Any CPU.Build.0 = Release|Any CPU
		{1659A85A-1306-419E-94D1-0000BD526177}.Release|x64.ActiveCfg = Release|Any CPU
		{1659A85A-1306-419E-94D1-0000BD526177}.Release|x64.Build.0 = Release|Any CPU
		{1659A85A-1306-419E-94D1-0000BD526177}.Release|x86.ActiveCfg = Release|Any CPU
		{1659A85A-1306-419E-94D1-0000BD526177}.Release|x86.Build.0 = Release|Any CPU
	EndGlobalSection
	GlobalSection(NestedProjects) = preSolution
		{D738BA9C-FA53-4B2F-AA16-4CF2F20380E6} = {83B69751-D510-48E0-8F94-3A29DD04990E}
		{601942A4-5FBF-40A5-A1E8-E2593654A512} = {83B69751-D510-48E0-8F94-3A29DD04990E}
		{F851B002-2858-4238-AC89-0670FB262529} = {83B69751-D510-48E0-8F94-3A29DD04990E}
		{975ED82E-BAAD-4A3E-B310-B6C9FF76F1C2} = {83B69751-D510-48E0-8F94-3A29DD04990E}
		{E927DA92-1D06-46E4-8783-E689A9319E39} = {5A8D6303-FB38-4E25-A0F8-02306F30E967}
		{BEDD6C25-9A8C-4395-B192-5069A6BC83C7} = {5A8D6303-FB38-4E25-A0F8-02306F30E967}
		{72A443E5-F1D3-45D7-AE89-3F65692AE8AE} = {5A8D6303-FB38-4E25-A0F8-02306F30E967}
		{1659A85A-1306-419E-94D1-0000BD526177} = {5A8D6303-FB38-4E25-A0F8-02306F30E967}
	EndGlobalSection
EndGlobal
